{
  "version": 4,
  "terraform_version": "1.2.6",
  "serial": 1146,
  "lineage": "88fd7d35-b3ef-44fc-e614-cf714e84b624",
  "outputs": {},
  "resources": [
    {
      "mode": "data",
      "type": "aws_caller_identity",
      "name": "current",
      "provider": "provider[\"registry.terraform.io/hashicorp/aws\"]",
      "instances": [
        {
          "schema_version": 0,
          "attributes": {
            "account_id": "105976787140",
            "arn": "arn:aws:iam::105976787140:user/alvin.yeo@geco.asia",
            "id": "105976787140",
            "user_id": "AIDARRLFVODCAB4S3MZIR"
          },
          "sensitive_attributes": []
        }
      ]
    },
    {
      "mode": "managed",
      "type": "aws_autoscaling_group",
      "name": "alvin-asg",
      "provider": "provider[\"registry.terraform.io/hashicorp/aws\"]",
      "instances": [
        {
          "schema_version": 0,
          "attributes": {
            "arn": "arn:aws:autoscaling:ap-southeast-2:105976787140:autoScalingGroup:d2fa1dd3-3390-4083-853b-6d903febd699:autoScalingGroupName/alvin-asg",
            "availability_zones": [
              "ap-southeast-2a",
              "ap-southeast-2b"
            ],
            "capacity_rebalance": false,
            "context": "",
            "default_cooldown": 300,
            "default_instance_warmup": 0,
            "desired_capacity": 1,
            "enabled_metrics": [],
            "force_delete": false,
            "force_delete_warm_pool": false,
            "health_check_grace_period": 300,
            "health_check_type": "EC2",
            "id": "alvin-asg",
            "initial_lifecycle_hook": [],
            "instance_refresh": [],
            "launch_configuration": "",
            "launch_template": [
              {
                "id": "lt-0a6c1e6f3e4185a4e",
                "name": "alvin-as-template",
                "version": "$Latest"
              }
            ],
            "load_balancers": [],
            "max_instance_lifetime": 0,
            "max_size": 2,
            "metrics_granularity": "1Minute",
            "min_elb_capacity": null,
            "min_size": 1,
            "mixed_instances_policy": [],
            "name": "alvin-asg",
            "name_prefix": "",
            "placement_group": "",
            "protect_from_scale_in": false,
            "service_linked_role_arn": "arn:aws:iam::105976787140:role/aws-service-role/autoscaling.amazonaws.com/AWSServiceRoleForAutoScaling",
            "suspended_processes": [],
            "tag": [],
            "tags": null,
            "target_group_arns": [
              "arn:aws:elasticloadbalancing:ap-southeast-2:105976787140:targetgroup/alvin-alb-tg/d0d461b990ea6c73"
            ],
            "termination_policies": [],
            "timeouts": null,
            "vpc_zone_identifier": [
              "subnet-014e70c6796c7b665",
              "subnet-09bb06f8c914d14db"
            ],
            "wait_for_capacity_timeout": "10m",
            "wait_for_elb_capacity": null,
            "warm_pool": []
          },
          "sensitive_attributes": [],
          "private": "eyJlMmJmYjczMC1lY2FhLTExZTYtOGY4OC0zNDM2M2JjN2M0YzAiOnsiZGVsZXRlIjo2MDAwMDAwMDAwMDAsInVwZGF0ZSI6NjAwMDAwMDAwMDAwfX0=",
          "dependencies": [
            "aws_launch_template.as_template",
            "aws_lb_target_group.alvin_alb_target_group",
            "aws_security_group.alb_sg",
            "aws_security_group.alvin_bh_sg",
            "aws_security_group.alvin_webapp_sg",
            "aws_subnet.alvin_subnet_2a",
            "aws_subnet.alvin_subnet_2b",
            "aws_vpc.alvin_vpc"
          ],
          "create_before_destroy": true
        }
      ]
    },
    {
      "mode": "managed",
      "type": "aws_autoscaling_policy",
      "name": "as-policy-cpu",
      "provider": "provider[\"registry.terraform.io/hashicorp/aws\"]",
      "instances": [
        {
          "schema_version": 0,
          "attributes": {
            "adjustment_type": "",
            "arn": "arn:aws:autoscaling:ap-southeast-2:105976787140:scalingPolicy:e38ffab3-77dc-4e0b-9c2e-d0e678e487ec:autoScalingGroupName/alvin-asg:policyName/CPU-Utilization-Tracking | Alvin Webapp",
            "autoscaling_group_name": "alvin-asg",
            "cooldown": 0,
            "enabled": true,
            "estimated_instance_warmup": 300,
            "id": "CPU-Utilization-Tracking | Alvin Webapp",
            "metric_aggregation_type": "",
            "min_adjustment_magnitude": null,
            "name": "CPU-Utilization-Tracking | Alvin Webapp",
            "policy_type": "TargetTrackingScaling",
            "predictive_scaling_configuration": [],
            "scaling_adjustment": 0,
            "step_adjustment": [],
            "target_tracking_configuration": [
              {
                "customized_metric_specification": [],
                "disable_scale_in": false,
                "predefined_metric_specification": [
                  {
                    "predefined_metric_type": "ASGAverageCPUUtilization",
                    "resource_label": ""
                  }
                ],
                "target_value": 60
              }
            ]
          },
          "sensitive_attributes": [],
          "private": "bnVsbA==",
          "dependencies": [
            "aws_autoscaling_group.alvin-asg"
          ]
        }
      ]
    },
    {
      "mode": "managed",
      "type": "aws_cloudtrail",
      "name": "alvin_cloudtrail",
      "provider": "provider[\"registry.terraform.io/hashicorp/aws\"]",
      "instances": [
        {
          "schema_version": 0,
          "attributes": {
            "advanced_event_selector": [],
            "arn": "arn:aws:cloudtrail:ap-southeast-2:105976787140:trail/alvin_capstone_trail",
            "cloud_watch_logs_group_arn": "",
            "cloud_watch_logs_role_arn": "",
            "enable_log_file_validation": false,
            "enable_logging": true,
            "event_selector": [],
            "home_region": "ap-southeast-2",
            "id": "alvin_capstone_trail",
            "include_global_service_events": false,
            "insight_selector": [],
            "is_multi_region_trail": false,
            "is_organization_trail": false,
            "kms_key_id": "",
            "name": "alvin_capstone_trail",
            "s3_bucket_name": "alvin-trail-bucket",
            "s3_key_prefix": "prefix",
            "sns_topic_name": "",
            "tags": {
              "Name": "alvin_cloudtrail"
            },
            "tags_all": {
              "Name": "alvin_cloudtrail"
            }
          },
          "sensitive_attributes": [],
          "private": "bnVsbA==",
          "dependencies": [
            "aws_s3_bucket.alvin_trail_bucket",
            "aws_s3_bucket_policy.alvin_trail_bucket_policy",
            "data.aws_caller_identity.current"
          ]
        }
      ]
    },
    {
      "mode": "managed",
      "type": "aws_cloudwatch_metric_alarm",
      "name": "bat",
      "provider": "provider[\"registry.terraform.io/hashicorp/aws\"]",
      "instances": [
        {
          "schema_version": 1,
          "attributes": {
            "actions_enabled": true,
            "alarm_actions": [
              "arn:aws:autoscaling:ap-southeast-2:105976787140:scalingPolicy:e38ffab3-77dc-4e0b-9c2e-d0e678e487ec:autoScalingGroupName/alvin-asg:policyName/CPU-Utilization-Tracking | Alvin Webapp"
            ],
            "alarm_description": "This metric monitors ec2 cpu utilization over 60%",
            "alarm_name": "webapp-alarm-cpu-over-60",
            "arn": "arn:aws:cloudwatch:ap-southeast-2:105976787140:alarm:webapp-alarm-cpu-over-60",
            "comparison_operator": "GreaterThanOrEqualToThreshold",
            "datapoints_to_alarm": 0,
            "dimensions": {
              "AutoScalingGroupName": "alvin-asg"
            },
            "evaluate_low_sample_count_percentiles": "",
            "evaluation_periods": 2,
            "extended_statistic": "",
            "id": "webapp-alarm-cpu-over-60",
            "insufficient_data_actions": [],
            "metric_name": "CPUUtilization",
            "metric_query": [],
            "namespace": "AWS/EC2",
            "ok_actions": [],
            "period": 120,
            "statistic": "Average",
            "tags": {},
            "tags_all": {},
            "threshold": 60,
            "threshold_metric_id": "",
            "treat_missing_data": "missing",
            "unit": ""
          },
          "sensitive_attributes": [],
          "private": "eyJzY2hlbWFfdmVyc2lvbiI6IjEifQ==",
          "dependencies": [
            "aws_autoscaling_group.alvin-asg",
            "aws_autoscaling_policy.as-policy-cpu",
            "aws_launch_template.as_template",
            "aws_lb_target_group.alvin_alb_target_group",
            "aws_security_group.alb_sg",
            "aws_security_group.alvin_bh_sg",
            "aws_security_group.alvin_webapp_sg",
            "aws_subnet.alvin_subnet_2a",
            "aws_subnet.alvin_subnet_2b",
            "aws_vpc.alvin_vpc"
          ]
        }
      ]
    },
    {
      "mode": "managed",
      "type": "aws_config_config_rule",
      "name": "EBS_encrypted_vol_config_rule",
      "provider": "provider[\"registry.terraform.io/hashicorp/aws\"]",
      "instances": [
        {
          "schema_version": 0,
          "attributes": {
            "arn": "arn:aws:config:ap-southeast-2:105976787140:config-rule/config-rule-47cbty",
            "description": "Checks whether the EBS volumes that are in an attached state are encrypted. If you specify the ID of a KMS key for encryption using the kmsId parameter, the rule checks if the EBS volumes in an attached state are encrypted with that KMS key.",
            "id": "encrypted-volumes",
            "input_parameters": "",
            "maximum_execution_frequency": "",
            "name": "encrypted-volumes",
            "rule_id": "config-rule-47cbty",
            "scope": [
              {
                "compliance_resource_id": "",
                "compliance_resource_types": [
                  "AWS::EC2::Volume"
                ],
                "tag_key": "",
                "tag_value": ""
              }
            ],
            "source": [
              {
                "custom_policy_details": [],
                "owner": "AWS",
                "source_detail": [],
                "source_identifier": "ENCRYPTED_VOLUMES"
              }
            ],
            "tags": {},
            "tags_all": {}
          },
          "sensitive_attributes": [],
          "private": "bnVsbA==",
          "dependencies": [
            "aws_config_configuration_recorder.alvin_config_recorder",
            "aws_iam_role.config_iam_role"
          ]
        }
      ]
    },
    {
      "mode": "managed",
      "type": "aws_config_config_rule",
      "name": "IAM_access_key_rotation_config_rule",
      "provider": "provider[\"registry.terraform.io/hashicorp/aws\"]",
      "instances": [
        {
          "schema_version": 0,
          "attributes": {
            "arn": "arn:aws:config:ap-southeast-2:105976787140:config-rule/config-rule-8xtmdj",
            "description": "A config rule that checks whether the active access keys are rotated within the number of days specified in maxAccessKeyAge. The rule is NON_COMPLIANT if the access keys have not been rotated for more than maxAccessKeyAge number of days.",
            "id": "access-keys-rotated",
            "input_parameters": "{\"maxAccessKeyAge\":\"90\"}",
            "maximum_execution_frequency": "",
            "name": "access-keys-rotated",
            "rule_id": "config-rule-8xtmdj",
            "scope": [
              {
                "compliance_resource_id": null,
                "compliance_resource_types": null,
                "tag_key": null,
                "tag_value": null
              }
            ],
            "source": [
              {
                "custom_policy_details": [],
                "owner": "AWS",
                "source_detail": [],
                "source_identifier": "ACCESS_KEYS_ROTATED"
              }
            ],
            "tags": {},
            "tags_all": {}
          },
          "sensitive_attributes": [],
          "private": "bnVsbA==",
          "dependencies": [
            "aws_config_configuration_recorder.alvin_config_recorder",
            "aws_iam_role.config_iam_role"
          ]
        }
      ]
    },
    {
      "mode": "managed",
      "type": "aws_config_config_rule",
      "name": "required_tags_config_rule",
      "provider": "provider[\"registry.terraform.io/hashicorp/aws\"]",
      "instances": [
        {
          "schema_version": 0,
          "attributes": {
            "arn": "arn:aws:config:ap-southeast-2:105976787140:config-rule/config-rule-rns2wf",
            "description": "A Config rule that checks whether your resources have the tags that you specify. For example, you can check whether your EC2 instances have the 'CostCenter' tag. Separate multiple values with commas.",
            "id": "required-tags",
            "input_parameters": "{\"tag1Key\": \"Name\"}",
            "maximum_execution_frequency": "",
            "name": "required-tags",
            "rule_id": "config-rule-rns2wf",
            "scope": [
              {
                "compliance_resource_id": "",
                "compliance_resource_types": [
                  "AWS::EC2::Instance",
                  "AWS::EC2::InternetGateway",
                  "AWS::EC2::RouteTable",
                  "AWS::EC2::SecurityGroup",
                  "AWS::EC2::Subnet",
                  "AWS::EC2::VPC",
                  "AWS::S3::Bucket"
                ],
                "tag_key": "",
                "tag_value": ""
              }
            ],
            "source": [
              {
                "custom_policy_details": [],
                "owner": "AWS",
                "source_detail": [],
                "source_identifier": "REQUIRED_TAGS"
              }
            ],
            "tags": {},
            "tags_all": {}
          },
          "sensitive_attributes": [],
          "private": "bnVsbA==",
          "dependencies": [
            "aws_config_configuration_recorder.alvin_config_recorder",
            "aws_iam_role.config_iam_role"
          ]
        }
      ]
    },
    {
      "mode": "managed",
      "type": "aws_config_configuration_recorder",
      "name": "alvin_config_recorder",
      "provider": "provider[\"registry.terraform.io/hashicorp/aws\"]",
      "instances": [
        {
          "schema_version": 0,
          "attributes": {
            "id": "default",
            "name": "default",
            "recording_group": [
              {
                "all_supported": true,
                "include_global_resource_types": false,
                "resource_types": []
              }
            ],
            "role_arn": "arn:aws:iam::105976787140:role/terraform-20220821162311436000000001"
          },
          "sensitive_attributes": [],
          "private": "bnVsbA==",
          "dependencies": [
            "aws_iam_role.config_iam_role"
          ]
        }
      ]
    },
    {
      "mode": "managed",
      "type": "aws_config_configuration_recorder_status",
      "name": "alvin_config_recorder_status",
      "provider": "provider[\"registry.terraform.io/hashicorp/aws\"]",
      "instances": [
        {
          "schema_version": 0,
          "attributes": {
            "id": "default",
            "is_enabled": true,
            "name": "default"
          },
          "sensitive_attributes": [],
          "private": "bnVsbA==",
          "dependencies": [
            "aws_config_configuration_recorder.alvin_config_recorder",
            "aws_config_delivery_channel.alvin_delivery_channel",
            "aws_iam_role.config_iam_role",
            "aws_s3_bucket.alvin_config_bucket"
          ]
        }
      ]
    },
    {
      "mode": "managed",
      "type": "aws_config_delivery_channel",
      "name": "alvin_delivery_channel",
      "provider": "provider[\"registry.terraform.io/hashicorp/aws\"]",
      "instances": [
        {
          "schema_version": 0,
          "attributes": {
            "id": "default",
            "name": "default",
            "s3_bucket_name": "alvin-config-bucket",
            "s3_key_prefix": "",
            "s3_kms_key_arn": "",
            "snapshot_delivery_properties": [],
            "sns_topic_arn": ""
          },
          "sensitive_attributes": [],
          "private": "bnVsbA==",
          "dependencies": [
            "aws_config_configuration_recorder.alvin_config_recorder",
            "aws_iam_role.config_iam_role",
            "aws_s3_bucket.alvin_config_bucket"
          ]
        }
      ]
    },
    {
      "mode": "managed",
      "type": "aws_db_instance",
      "name": "alvin_mariadb",
      "provider": "provider[\"registry.terraform.io/hashicorp/aws\"]",
      "instances": [
        {
          "schema_version": 1,
          "attributes": {
            "address": "alvin-wordpress-db.cgjnxxvhhdwq.ap-southeast-2.rds.amazonaws.com",
            "allocated_storage": 20,
            "allow_major_version_upgrade": null,
            "apply_immediately": null,
            "arn": "arn:aws:rds:ap-southeast-2:105976787140:db:alvin-wordpress-db",
            "auto_minor_version_upgrade": true,
            "availability_zone": "ap-southeast-2a",
            "backup_retention_period": 0,
            "backup_window": "19:22-19:52",
            "ca_cert_identifier": "rds-ca-2019",
            "character_set_name": "",
            "copy_tags_to_snapshot": false,
            "customer_owned_ip_enabled": false,
            "db_name": "alvindb",
            "db_subnet_group_name": "alvin db subnets",
            "delete_automated_backups": true,
            "deletion_protection": false,
            "domain": "",
            "domain_iam_role_name": "",
            "enabled_cloudwatch_logs_exports": [],
            "endpoint": "alvin-wordpress-db.cgjnxxvhhdwq.ap-southeast-2.rds.amazonaws.com:3306",
            "engine": "mariadb",
            "engine_version": "10.6.8",
            "engine_version_actual": "10.6.8",
            "final_snapshot_identifier": null,
            "hosted_zone_id": "Z32T0VRHXEXS0V",
            "iam_database_authentication_enabled": false,
            "id": "alvin-wordpress-db",
            "identifier": "alvin-wordpress-db",
            "identifier_prefix": "",
            "instance_class": "db.t3.micro",
            "iops": 0,
            "kms_key_id": "arn:aws:kms:ap-southeast-2:105976787140:key/2a49ec20-91d9-4948-9d64-d1f7110b7970",
            "latest_restorable_time": "0001-01-01T00:00:00Z",
            "license_model": "general-public-license",
            "maintenance_window": "sat:18:48-sat:19:18",
            "max_allocated_storage": 0,
            "monitoring_interval": 0,
            "monitoring_role_arn": "",
            "multi_az": false,
            "name": "alvindb",
            "nchar_character_set_name": "",
            "option_group_name": "default:mariadb-10-6",
            "parameter_group_name": "default.mariadb10.6",
            "password": "hWOKAlFBI7b0gv5HtJsl",
            "performance_insights_enabled": false,
            "performance_insights_kms_key_id": "",
            "performance_insights_retention_period": 0,
            "port": 3306,
            "publicly_accessible": false,
            "replica_mode": "",
            "replicas": [],
            "replicate_source_db": "",
            "resource_id": "db-ECDZO6DIR2WO6C2SH6HX66JSKM",
            "restore_to_point_in_time": [],
            "s3_import": [],
            "security_group_names": [],
            "skip_final_snapshot": true,
            "snapshot_identifier": null,
            "status": "available",
            "storage_encrypted": true,
            "storage_type": "gp2",
            "tags": {},
            "tags_all": {},
            "timeouts": null,
            "timezone": "",
            "username": "admin",
            "vpc_security_group_ids": [
              "sg-074e5443d60cc1b82"
            ]
          },
          "sensitive_attributes": [],
          "private": "eyJlMmJmYjczMC1lY2FhLTExZTYtOGY4OC0zNDM2M2JjN2M0YzAiOnsiY3JlYXRlIjoyNDAwMDAwMDAwMDAwLCJkZWxldGUiOjM2MDAwMDAwMDAwMDAsInVwZGF0ZSI6NDgwMDAwMDAwMDAwMH0sInNjaGVtYV92ZXJzaW9uIjoiMSJ9",
          "dependencies": [
            "aws_db_subnet_group.alvin_subnet_group_1",
            "aws_security_group.alb_sg",
            "aws_security_group.alvin_bh_sg",
            "aws_security_group.alvin_webapp_sg",
            "aws_security_group.mariadb_sg",
            "aws_subnet.alvin_subnet_3a",
            "aws_subnet.alvin_subnet_3b",
            "aws_vpc.alvin_vpc"
          ]
        }
      ]
    },
    {
      "mode": "managed",
      "type": "aws_db_subnet_group",
      "name": "alvin_subnet_group_1",
      "provider": "provider[\"registry.terraform.io/hashicorp/aws\"]",
      "instances": [
        {
          "schema_version": 0,
          "attributes": {
            "arn": "arn:aws:rds:ap-southeast-2:105976787140:subgrp:alvin db subnets",
            "description": "Subnet for Database instance",
            "id": "alvin db subnets",
            "name": "alvin db subnets",
            "name_prefix": null,
            "subnet_ids": [
              "subnet-01c62251a24b45e35",
              "subnet-0ab5a266aecf0893c"
            ],
            "tags": {
              "Name": "Alvin Database Subnets"
            },
            "tags_all": {
              "Name": "Alvin Database Subnets"
            }
          },
          "sensitive_attributes": [],
          "private": "bnVsbA==",
          "dependencies": [
            "aws_subnet.alvin_subnet_3a",
            "aws_subnet.alvin_subnet_3b",
            "aws_vpc.alvin_vpc"
          ]
        }
      ]
    },
    {
      "mode": "managed",
      "type": "aws_eip",
      "name": "alvin_eip_1",
      "provider": "provider[\"registry.terraform.io/hashicorp/aws\"]",
      "instances": [
        {
          "schema_version": 0,
          "attributes": {
            "address": null,
            "allocation_id": "eipalloc-0294a06f44ec7dec0",
            "associate_with_private_ip": null,
            "association_id": "eipassoc-018d540de8a9152c3",
            "carrier_ip": "",
            "customer_owned_ip": "",
            "customer_owned_ipv4_pool": "",
            "domain": "vpc",
            "id": "eipalloc-0294a06f44ec7dec0",
            "instance": "",
            "network_border_group": "ap-southeast-2",
            "network_interface": "eni-0a8fad495850e9fb7",
            "private_dns": "ip-70-0-4-185.ap-southeast-2.compute.internal",
            "private_ip": "70.0.4.185",
            "public_dns": "ec2-3-104-126-206.ap-southeast-2.compute.amazonaws.com",
            "public_ip": "3.104.126.206",
            "public_ipv4_pool": "amazon",
            "tags": {
              "Name": "Alvin EIP 1 | ap-southeast-2a"
            },
            "tags_all": {
              "Name": "Alvin EIP 1 | ap-southeast-2a"
            },
            "timeouts": null,
            "vpc": true
          },
          "sensitive_attributes": [],
          "private": "eyJlMmJmYjczMC1lY2FhLTExZTYtOGY4OC0zNDM2M2JjN2M0YzAiOnsiZGVsZXRlIjoxODAwMDAwMDAwMDAsInJlYWQiOjkwMDAwMDAwMDAwMCwidXBkYXRlIjozMDAwMDAwMDAwMDB9fQ=="
        }
      ]
    },
    {
      "mode": "managed",
      "type": "aws_eip",
      "name": "alvin_eip_2",
      "provider": "provider[\"registry.terraform.io/hashicorp/aws\"]",
      "instances": [
        {
          "schema_version": 0,
          "attributes": {
            "address": null,
            "allocation_id": "eipalloc-01f04d98347926d03",
            "associate_with_private_ip": null,
            "association_id": "eipassoc-0b8fc3f5c3c70afa2",
            "carrier_ip": "",
            "customer_owned_ip": "",
            "customer_owned_ipv4_pool": "",
            "domain": "vpc",
            "id": "eipalloc-01f04d98347926d03",
            "instance": "",
            "network_border_group": "ap-southeast-2",
            "network_interface": "eni-00912210725a8e7f0",
            "private_dns": "ip-70-0-20-211.ap-southeast-2.compute.internal",
            "private_ip": "70.0.20.211",
            "public_dns": "ec2-54-79-233-43.ap-southeast-2.compute.amazonaws.com",
            "public_ip": "54.79.233.43",
            "public_ipv4_pool": "amazon",
            "tags": {
              "Name": "Alvin EIP 2 | ap-southeast-2b"
            },
            "tags_all": {
              "Name": "Alvin EIP 2 | ap-southeast-2b"
            },
            "timeouts": null,
            "vpc": true
          },
          "sensitive_attributes": [],
          "private": "eyJlMmJmYjczMC1lY2FhLTExZTYtOGY4OC0zNDM2M2JjN2M0YzAiOnsiZGVsZXRlIjoxODAwMDAwMDAwMDAsInJlYWQiOjkwMDAwMDAwMDAwMCwidXBkYXRlIjozMDAwMDAwMDAwMDB9fQ=="
        }
      ]
    },
    {
      "mode": "managed",
      "type": "aws_iam_role",
      "name": "config_iam_role",
      "provider": "provider[\"registry.terraform.io/hashicorp/aws\"]",
      "instances": [
        {
          "schema_version": 0,
          "attributes": {
            "arn": "arn:aws:iam::105976787140:role/terraform-20220821162311436000000001",
            "assume_role_policy": "{\"Statement\":[{\"Action\":\"sts:AssumeRole\",\"Effect\":\"Allow\",\"Principal\":{\"Service\":[\"config.amazonaws.com\"]}}],\"Version\":\"2012-10-17\"}",
            "create_date": "2022-08-21T16:23:12Z",
            "description": "",
            "force_detach_policies": false,
            "id": "terraform-20220821162311436000000001",
            "inline_policy": [
              {
                "name": "allow-access-to-alvin-config-bucket",
                "policy": "{\"Statement\":[{\"Action\":[\"s3:PutObject\"],\"Condition\":{\"StringLike\":{\"s3:x-amz-acl\":\"bucket-owner-full-control\"}},\"Effect\":\"Allow\",\"Resource\":[\"arn:aws:s3:::alvin-config-bucket/*\"]},{\"Action\":[\"s3:GetBucketAcl\"],\"Effect\":\"Allow\",\"Resource\":\"arn:aws:s3:::alvin-config-bucket\"}],\"Version\":\"2012-10-17\"}"
              }
            ],
            "managed_policy_arns": [
              "arn:aws:iam::aws:policy/service-role/AWSConfigRole"
            ],
            "max_session_duration": 3600,
            "name": "terraform-20220821162311436000000001",
            "name_prefix": "terraform-",
            "path": "/",
            "permissions_boundary": null,
            "tags": {},
            "tags_all": {},
            "unique_id": "AROARRLFVODCGMTEM6W3J"
          },
          "sensitive_attributes": [],
          "private": "bnVsbA=="
        }
      ]
    },
    {
      "mode": "managed",
      "type": "aws_iam_role_policy",
      "name": "config_iam_role_config_bucket_role_attachment",
      "provider": "provider[\"registry.terraform.io/hashicorp/aws\"]",
      "instances": [
        {
          "schema_version": 0,
          "attributes": {
            "id": "terraform-20220821162311436000000001:allow-access-to-alvin-config-bucket",
            "name": "allow-access-to-alvin-config-bucket",
            "name_prefix": null,
            "policy": "{\"Statement\":[{\"Action\":[\"s3:PutObject\"],\"Condition\":{\"StringLike\":{\"s3:x-amz-acl\":\"bucket-owner-full-control\"}},\"Effect\":\"Allow\",\"Resource\":[\"arn:aws:s3:::alvin-config-bucket/*\"]},{\"Action\":[\"s3:GetBucketAcl\"],\"Effect\":\"Allow\",\"Resource\":\"arn:aws:s3:::alvin-config-bucket\"}],\"Version\":\"2012-10-17\"}",
            "role": "terraform-20220821162311436000000001"
          },
          "sensitive_attributes": [],
          "private": "bnVsbA==",
          "dependencies": [
            "aws_iam_role.config_iam_role",
            "aws_s3_bucket.alvin_config_bucket"
          ]
        }
      ]
    },
    {
      "mode": "managed",
      "type": "aws_iam_role_policy_attachment",
      "name": "config_iam_role_policy_role_attachment",
      "provider": "provider[\"registry.terraform.io/hashicorp/aws\"]",
      "instances": [
        {
          "schema_version": 0,
          "attributes": {
            "id": "terraform-20220821162311436000000001-20220821162314158700000002",
            "policy_arn": "arn:aws:iam::aws:policy/service-role/AWSConfigRole",
            "role": "terraform-20220821162311436000000001"
          },
          "sensitive_attributes": [],
          "private": "bnVsbA==",
          "dependencies": [
            "aws_iam_role.config_iam_role"
          ]
        }
      ]
    },
    {
      "mode": "managed",
      "type": "aws_inspector_assessment_target",
      "name": "alvin_capstone_assessment_target",
      "provider": "provider[\"registry.terraform.io/hashicorp/aws\"]",
      "instances": [
        {
          "schema_version": 0,
          "attributes": {
            "arn": "arn:aws:inspector:ap-southeast-2:105976787140:target/0-ljFoaKHm",
            "id": "arn:aws:inspector:ap-southeast-2:105976787140:target/0-ljFoaKHm",
            "name": "Alvin Capstone Inspector Targets",
            "resource_group_arn": "arn:aws:inspector:ap-southeast-2:105976787140:resourcegroup/0-VrW3IV36"
          },
          "sensitive_attributes": [],
          "private": "bnVsbA==",
          "dependencies": [
            "aws_inspector_resource_group.alvin_capstone_resource_group"
          ]
        }
      ]
    },
    {
      "mode": "managed",
      "type": "aws_inspector_assessment_template",
      "name": "alvin_capstone_assessment_template",
      "provider": "provider[\"registry.terraform.io/hashicorp/aws\"]",
      "instances": [
        {
          "schema_version": 0,
          "attributes": {
            "arn": "arn:aws:inspector:ap-southeast-2:105976787140:target/0-ljFoaKHm/template/0-GoEO09jB",
            "duration": 3600,
            "id": "arn:aws:inspector:ap-southeast-2:105976787140:target/0-ljFoaKHm/template/0-GoEO09jB",
            "name": "Alvin Capstone Assessment Template",
            "rules_package_arns": [
              "arn:aws:inspector:ap-southeast-2:454640832652:rulespackage/0-D5TGAxiR",
              "arn:aws:inspector:ap-southeast-2:454640832652:rulespackage/0-Vkd2Vxjq",
              "arn:aws:inspector:ap-southeast-2:454640832652:rulespackage/0-asL6HRgN"
            ],
            "tags": {},
            "tags_all": {},
            "target_arn": "arn:aws:inspector:ap-southeast-2:105976787140:target/0-ljFoaKHm"
          },
          "sensitive_attributes": [],
          "private": "bnVsbA==",
          "dependencies": [
            "aws_inspector_assessment_target.alvin_capstone_assessment_target",
            "aws_inspector_resource_group.alvin_capstone_resource_group"
          ]
        }
      ]
    },
    {
      "mode": "managed",
      "type": "aws_inspector_resource_group",
      "name": "alvin_capstone_resource_group",
      "provider": "provider[\"registry.terraform.io/hashicorp/aws\"]",
      "instances": [
        {
          "schema_version": 0,
          "attributes": {
            "arn": "arn:aws:inspector:ap-southeast-2:105976787140:resourcegroup/0-VrW3IV36",
            "id": "arn:aws:inspector:ap-southeast-2:105976787140:resourcegroup/0-VrW3IV36",
            "tags": {
              "Inspector Resource Group": "Alvin"
            }
          },
          "sensitive_attributes": [],
          "private": "bnVsbA=="
        }
      ]
    },
    {
      "mode": "managed",
      "type": "aws_instance",
      "name": "alvin_al2_bh",
      "provider": "provider[\"registry.terraform.io/hashicorp/aws\"]",
      "instances": [
        {
          "schema_version": 1,
          "attributes": {
            "ami": "ami-0c641f2290e9cd048",
            "arn": "arn:aws:ec2:ap-southeast-2:105976787140:instance/i-02f68f89ad998beca",
            "associate_public_ip_address": true,
            "availability_zone": "ap-southeast-2a",
            "capacity_reservation_specification": [
              {
                "capacity_reservation_preference": "open",
                "capacity_reservation_target": []
              }
            ],
            "cpu_core_count": 1,
            "cpu_threads_per_core": 1,
            "credit_specification": [
              {
                "cpu_credits": "standard"
              }
            ],
            "disable_api_stop": false,
            "disable_api_termination": false,
            "ebs_block_device": [],
            "ebs_optimized": false,
            "enclave_options": [
              {
                "enabled": false
              }
            ],
            "ephemeral_block_device": [],
            "get_password_data": false,
            "hibernation": false,
            "host_id": null,
            "iam_instance_profile": "",
            "id": "i-02f68f89ad998beca",
            "instance_initiated_shutdown_behavior": "stop",
            "instance_state": "running",
            "instance_type": "t2.micro",
            "ipv6_address_count": 0,
            "ipv6_addresses": [],
            "key_name": "alvin-keypair-sydney",
            "launch_template": [],
            "maintenance_options": [
              {
                "auto_recovery": "default"
              }
            ],
            "metadata_options": [
              {
                "http_endpoint": "enabled",
                "http_put_response_hop_limit": 1,
                "http_tokens": "optional",
                "instance_metadata_tags": "disabled"
              }
            ],
            "monitoring": false,
            "network_interface": [],
            "outpost_arn": "",
            "password_data": "",
            "placement_group": "",
            "placement_partition_number": null,
            "primary_network_interface_id": "eni-0ca8a0220d057771a",
            "private_dns": "ip-70-0-0-155.ap-southeast-2.compute.internal",
            "private_dns_name_options": [
              {
                "enable_resource_name_dns_a_record": false,
                "enable_resource_name_dns_aaaa_record": false,
                "hostname_type": "ip-name"
              }
            ],
            "private_ip": "70.0.0.155",
            "public_dns": "ec2-13-236-178-16.ap-southeast-2.compute.amazonaws.com",
            "public_ip": "13.236.178.16",
            "root_block_device": [
              {
                "delete_on_termination": true,
                "device_name": "/dev/xvda",
                "encrypted": true,
                "iops": 3000,
                "kms_key_id": "arn:aws:kms:ap-southeast-2:105976787140:key/262c88a5-2d33-4c3f-9078-bce56bed8929",
                "tags": {},
                "throughput": 125,
                "volume_id": "vol-0fb5159ef0feb909d",
                "volume_size": 8,
                "volume_type": "gp3"
              }
            ],
            "secondary_private_ips": [],
            "security_groups": [],
            "source_dest_check": true,
            "subnet_id": "subnet-04f00f5818d426b47",
            "tags": {
              "Environment": "Dev",
              "Inspector Resource Group": "Alvin",
              "Name": "Alvin Amazon Linux 2 | Bastion Host",
              "Terraform": "Yes"
            },
            "tags_all": {
              "Environment": "Dev",
              "Inspector Resource Group": "Alvin",
              "Name": "Alvin Amazon Linux 2 | Bastion Host",
              "Terraform": "Yes"
            },
            "tenancy": "default",
            "timeouts": null,
            "user_data": null,
            "user_data_base64": null,
            "user_data_replace_on_change": false,
            "volume_tags": null,
            "vpc_security_group_ids": [
              "sg-0c310bf441a5c3bba"
            ]
          },
          "sensitive_attributes": [],
          "private": "eyJlMmJmYjczMC1lY2FhLTExZTYtOGY4OC0zNDM2M2JjN2M0YzAiOnsiY3JlYXRlIjo2MDAwMDAwMDAwMDAsImRlbGV0ZSI6MTIwMDAwMDAwMDAwMCwidXBkYXRlIjo2MDAwMDAwMDAwMDB9LCJzY2hlbWFfdmVyc2lvbiI6IjEifQ==",
          "dependencies": [
            "aws_security_group.alvin_bh_sg",
            "aws_subnet.alvin_subnet_1a",
            "aws_vpc.alvin_vpc"
          ]
        }
      ]
    },
    {
      "mode": "managed",
      "type": "aws_internet_gateway",
      "name": "alvin_igw",
      "provider": "provider[\"registry.terraform.io/hashicorp/aws\"]",
      "instances": [
        {
          "schema_version": 0,
          "attributes": {
            "arn": "arn:aws:ec2:ap-southeast-2:105976787140:internet-gateway/igw-004d1a6d6982c70e2",
            "id": "igw-004d1a6d6982c70e2",
            "owner_id": "105976787140",
            "tags": {
              "Name": "alvin_igw"
            },
            "tags_all": {
              "Name": "alvin_igw"
            },
            "timeouts": null,
            "vpc_id": "vpc-01663faaf221c0d0e"
          },
          "sensitive_attributes": [],
          "private": "eyJlMmJmYjczMC1lY2FhLTExZTYtOGY4OC0zNDM2M2JjN2M0YzAiOnsiY3JlYXRlIjoxMjAwMDAwMDAwMDAwLCJkZWxldGUiOjEyMDAwMDAwMDAwMDAsInVwZGF0ZSI6MTIwMDAwMDAwMDAwMH19",
          "dependencies": [
            "aws_vpc.alvin_vpc"
          ]
        }
      ]
    },
    {
      "mode": "managed",
      "type": "aws_kms_alias",
      "name": "mykey-alias",
      "provider": "provider[\"registry.terraform.io/hashicorp/aws\"]",
      "instances": [
        {
          "schema_version": 0,
          "attributes": {
            "arn": "arn:aws:kms:ap-southeast-2:105976787140:alias/alvin-key-kms",
            "id": "alias/alvin-key-kms",
            "name": "alias/alvin-key-kms",
            "name_prefix": "",
            "target_key_arn": "arn:aws:kms:ap-southeast-2:105976787140:key/547261dd-8353-4b64-b0f3-cc20a942e3ab",
            "target_key_id": "547261dd-8353-4b64-b0f3-cc20a942e3ab"
          },
          "sensitive_attributes": [],
          "private": "bnVsbA==",
          "dependencies": [
            "aws_kms_key.mykey"
          ]
        }
      ]
    },
    {
      "mode": "managed",
      "type": "aws_kms_key",
      "name": "mykey",
      "provider": "provider[\"registry.terraform.io/hashicorp/aws\"]",
      "instances": [
        {
          "schema_version": 0,
          "attributes": {
            "arn": "arn:aws:kms:ap-southeast-2:105976787140:key/547261dd-8353-4b64-b0f3-cc20a942e3ab",
            "bypass_policy_lockout_safety_check": false,
            "customer_master_key_spec": "SYMMETRIC_DEFAULT",
            "deletion_window_in_days": 7,
            "description": "This key will be used to encrypt bucket objects",
            "enable_key_rotation": true,
            "id": "547261dd-8353-4b64-b0f3-cc20a942e3ab",
            "is_enabled": true,
            "key_id": "547261dd-8353-4b64-b0f3-cc20a942e3ab",
            "key_usage": "ENCRYPT_DECRYPT",
            "multi_region": false,
            "policy": "{\"Id\":\"key-default-1\",\"Statement\":[{\"Action\":\"kms:*\",\"Effect\":\"Allow\",\"Principal\":{\"AWS\":\"arn:aws:iam::105976787140:root\"},\"Resource\":\"*\",\"Sid\":\"Enable IAM User Permissions\"}],\"Version\":\"2012-10-17\"}",
            "tags": {},
            "tags_all": {}
          },
          "sensitive_attributes": [],
          "private": "bnVsbA=="
        }
      ]
    },
    {
      "mode": "managed",
      "type": "aws_launch_template",
      "name": "as_template",
      "provider": "provider[\"registry.terraform.io/hashicorp/aws\"]",
      "instances": [
        {
          "schema_version": 0,
          "attributes": {
            "arn": "arn:aws:ec2:ap-southeast-2:105976787140:launch-template/lt-0a6c1e6f3e4185a4e",
            "block_device_mappings": [
              {
                "device_name": "/dev/xvda",
                "ebs": [
                  {
                    "delete_on_termination": "true",
                    "encrypted": "true",
                    "iops": 0,
                    "kms_key_id": "",
                    "snapshot_id": "",
                    "throughput": 0,
                    "volume_size": 8,
                    "volume_type": "gp3"
                  }
                ],
                "no_device": "",
                "virtual_name": ""
              }
            ],
            "capacity_reservation_specification": [],
            "cpu_options": [],
            "credit_specification": [],
            "default_version": 1,
            "description": "",
            "disable_api_stop": false,
            "disable_api_termination": false,
            "ebs_optimized": "",
            "elastic_gpu_specifications": [],
            "elastic_inference_accelerator": [],
            "enclave_options": [],
            "hibernation_options": [],
            "iam_instance_profile": [],
            "id": "lt-0a6c1e6f3e4185a4e",
            "image_id": "ami-0c641f2290e9cd048",
            "instance_initiated_shutdown_behavior": "",
            "instance_market_options": [],
            "instance_requirements": [],
            "instance_type": "t2.micro",
            "kernel_id": "",
            "key_name": "alvin-keypair-sydney",
            "latest_version": 1,
            "license_specification": [],
            "maintenance_options": [],
            "metadata_options": [],
            "monitoring": [],
            "name": "alvin-as-template",
            "name_prefix": "",
            "network_interfaces": [],
            "placement": [],
            "private_dns_name_options": [],
            "ram_disk_id": "",
            "security_group_names": [],
            "tag_specifications": [
              {
                "resource_type": "instance",
                "tags": {
                  "Environment": "Dev",
                  "Inspector Resource Group": "Alvin",
                  "Name": "Alvin Amazon Linux 2 | Wordpress Server",
                  "Terraform": "Yes"
                }
              }
            ],
            "tags": {},
            "tags_all": {},
            "update_default_version": null,
            "user_data": "",
            "vpc_security_group_ids": [
              "sg-00369770a2ad88d22"
            ]
          },
          "sensitive_attributes": [],
          "private": "bnVsbA==",
          "dependencies": [
            "aws_security_group.alb_sg",
            "aws_security_group.alvin_bh_sg",
            "aws_security_group.alvin_webapp_sg",
            "aws_vpc.alvin_vpc"
          ],
          "create_before_destroy": true
        }
      ]
    },
    {
      "mode": "managed",
      "type": "aws_lb",
      "name": "alvin_alb",
      "provider": "provider[\"registry.terraform.io/hashicorp/aws\"]",
      "instances": [
        {
          "schema_version": 0,
          "attributes": {
            "access_logs": [
              {
                "bucket": "",
                "enabled": false,
                "prefix": ""
              }
            ],
            "arn": "arn:aws:elasticloadbalancing:ap-southeast-2:105976787140:loadbalancer/app/alvin-webapp-alb/7ed3db04efab76f6",
            "arn_suffix": "app/alvin-webapp-alb/7ed3db04efab76f6",
            "customer_owned_ipv4_pool": "",
            "desync_mitigation_mode": "defensive",
            "dns_name": "alvin-webapp-alb-1510542698.ap-southeast-2.elb.amazonaws.com",
            "drop_invalid_header_fields": false,
            "enable_cross_zone_load_balancing": null,
            "enable_deletion_protection": false,
            "enable_http2": true,
            "enable_waf_fail_open": false,
            "id": "arn:aws:elasticloadbalancing:ap-southeast-2:105976787140:loadbalancer/app/alvin-webapp-alb/7ed3db04efab76f6",
            "idle_timeout": 60,
            "internal": false,
            "ip_address_type": "ipv4",
            "load_balancer_type": "application",
            "name": "alvin-webapp-alb",
            "name_prefix": null,
            "preserve_host_header": false,
            "security_groups": [
              "sg-0403e8a29674cd1a3"
            ],
            "subnet_mapping": [
              {
                "allocation_id": "",
                "ipv6_address": "",
                "outpost_id": "",
                "private_ipv4_address": "",
                "subnet_id": "subnet-04f00f5818d426b47"
              },
              {
                "allocation_id": "",
                "ipv6_address": "",
                "outpost_id": "",
                "private_ipv4_address": "",
                "subnet_id": "subnet-09484f1ab2d0b5ef9"
              }
            ],
            "subnets": [
              "subnet-04f00f5818d426b47",
              "subnet-09484f1ab2d0b5ef9"
            ],
            "tags": {
              "Name": "alvin_alb"
            },
            "tags_all": {
              "Name": "alvin_alb"
            },
            "timeouts": null,
            "vpc_id": "vpc-01663faaf221c0d0e",
            "zone_id": "Z1GM3OXH4ZPM65"
          },
          "sensitive_attributes": [],
          "private": "eyJlMmJmYjczMC1lY2FhLTExZTYtOGY4OC0zNDM2M2JjN2M0YzAiOnsiY3JlYXRlIjo2MDAwMDAwMDAwMDAsImRlbGV0ZSI6NjAwMDAwMDAwMDAwLCJ1cGRhdGUiOjYwMDAwMDAwMDAwMH19",
          "dependencies": [
            "aws_security_group.alb_sg",
            "aws_subnet.alvin_subnet_1a",
            "aws_subnet.alvin_subnet_1b",
            "aws_vpc.alvin_vpc"
          ]
        }
      ]
    },
    {
      "mode": "managed",
      "type": "aws_lb_listener",
      "name": "alvin_alb_listener_HTTP",
      "provider": "provider[\"registry.terraform.io/hashicorp/aws\"]",
      "instances": [
        {
          "schema_version": 0,
          "attributes": {
            "alpn_policy": null,
            "arn": "arn:aws:elasticloadbalancing:ap-southeast-2:105976787140:listener/app/alvin-webapp-alb/7ed3db04efab76f6/0d841f73aac84211",
            "certificate_arn": null,
            "default_action": [
              {
                "authenticate_cognito": [],
                "authenticate_oidc": [],
                "fixed_response": [],
                "forward": [],
                "order": 1,
                "redirect": [],
                "target_group_arn": "arn:aws:elasticloadbalancing:ap-southeast-2:105976787140:targetgroup/alvin-alb-tg/d0d461b990ea6c73",
                "type": "forward"
              }
            ],
            "id": "arn:aws:elasticloadbalancing:ap-southeast-2:105976787140:listener/app/alvin-webapp-alb/7ed3db04efab76f6/0d841f73aac84211",
            "load_balancer_arn": "arn:aws:elasticloadbalancing:ap-southeast-2:105976787140:loadbalancer/app/alvin-webapp-alb/7ed3db04efab76f6",
            "port": 80,
            "protocol": "HTTP",
            "ssl_policy": "",
            "tags": {
              "Name": "alvin_alb_listener_HTTP"
            },
            "tags_all": {
              "Name": "alvin_alb_listener_HTTP"
            },
            "timeouts": null
          },
          "sensitive_attributes": [],
          "private": "eyJlMmJmYjczMC1lY2FhLTExZTYtOGY4OC0zNDM2M2JjN2M0YzAiOnsicmVhZCI6NjAwMDAwMDAwMDAwfX0=",
          "dependencies": [
            "aws_lb.alvin_alb",
            "aws_lb_target_group.alvin_alb_target_group",
            "aws_security_group.alb_sg",
            "aws_subnet.alvin_subnet_1a",
            "aws_subnet.alvin_subnet_1b",
            "aws_vpc.alvin_vpc"
          ]
        }
      ]
    },
    {
      "mode": "managed",
      "type": "aws_lb_target_group",
      "name": "alvin_alb_target_group",
      "provider": "provider[\"registry.terraform.io/hashicorp/aws\"]",
      "instances": [
        {
          "schema_version": 0,
          "attributes": {
            "arn": "arn:aws:elasticloadbalancing:ap-southeast-2:105976787140:targetgroup/alvin-alb-tg/d0d461b990ea6c73",
            "arn_suffix": "targetgroup/alvin-alb-tg/d0d461b990ea6c73",
            "connection_termination": false,
            "deregistration_delay": "300",
            "health_check": [
              {
                "enabled": true,
                "healthy_threshold": 5,
                "interval": 30,
                "matcher": "200",
                "path": "/",
                "port": "traffic-port",
                "protocol": "HTTP",
                "timeout": 5,
                "unhealthy_threshold": 2
              }
            ],
            "id": "arn:aws:elasticloadbalancing:ap-southeast-2:105976787140:targetgroup/alvin-alb-tg/d0d461b990ea6c73",
            "lambda_multi_value_headers_enabled": false,
            "load_balancing_algorithm_type": "round_robin",
            "name": "alvin-alb-tg",
            "name_prefix": null,
            "port": 8080,
            "preserve_client_ip": null,
            "protocol": "HTTP",
            "protocol_version": "HTTP1",
            "proxy_protocol_v2": false,
            "slow_start": 0,
            "stickiness": [
              {
                "cookie_duration": 86400,
                "cookie_name": "",
                "enabled": false,
                "type": "lb_cookie"
              }
            ],
            "tags": {
              "Name": "alvin-alb-target-group"
            },
            "tags_all": {
              "Name": "alvin-alb-target-group"
            },
            "target_type": "instance",
            "vpc_id": "vpc-01663faaf221c0d0e"
          },
          "sensitive_attributes": [],
          "private": "bnVsbA==",
          "dependencies": [
            "aws_vpc.alvin_vpc"
          ],
          "create_before_destroy": true
        }
      ]
    },
    {
      "mode": "managed",
      "type": "aws_nat_gateway",
      "name": "alvin_nat_1",
      "provider": "provider[\"registry.terraform.io/hashicorp/aws\"]",
      "instances": [
        {
          "schema_version": 0,
          "attributes": {
            "allocation_id": "eipalloc-0294a06f44ec7dec0",
            "connectivity_type": "public",
            "id": "nat-044ac2538896d90a5",
            "network_interface_id": "eni-0a8fad495850e9fb7",
            "private_ip": "70.0.4.185",
            "public_ip": "3.104.126.206",
            "subnet_id": "subnet-04f00f5818d426b47",
            "tags": {
              "Name": "Alvin NAT Gateway 1 | ap-southeast-2a"
            },
            "tags_all": {
              "Name": "Alvin NAT Gateway 1 | ap-southeast-2a"
            }
          },
          "sensitive_attributes": [],
          "private": "bnVsbA==",
          "dependencies": [
            "aws_eip.alvin_eip_1",
            "aws_subnet.alvin_subnet_1a",
            "aws_vpc.alvin_vpc"
          ]
        }
      ]
    },
    {
      "mode": "managed",
      "type": "aws_nat_gateway",
      "name": "alvin_nat_2",
      "provider": "provider[\"registry.terraform.io/hashicorp/aws\"]",
      "instances": [
        {
          "schema_version": 0,
          "attributes": {
            "allocation_id": "eipalloc-01f04d98347926d03",
            "connectivity_type": "public",
            "id": "nat-072be4b79ee6f0903",
            "network_interface_id": "eni-00912210725a8e7f0",
            "private_ip": "70.0.20.211",
            "public_ip": "54.79.233.43",
            "subnet_id": "subnet-09484f1ab2d0b5ef9",
            "tags": {
              "Name": "Alvin NAT Gateway 2 | ap-southeast-2b"
            },
            "tags_all": {
              "Name": "Alvin NAT Gateway 2 | ap-southeast-2b"
            }
          },
          "sensitive_attributes": [],
          "private": "bnVsbA==",
          "dependencies": [
            "aws_eip.alvin_eip_2",
            "aws_subnet.alvin_subnet_1b",
            "aws_vpc.alvin_vpc"
          ]
        }
      ]
    },
    {
      "mode": "managed",
      "type": "aws_route_table",
      "name": "alvin_rt_priv_2",
      "provider": "provider[\"registry.terraform.io/hashicorp/aws\"]",
      "instances": [
        {
          "schema_version": 0,
          "attributes": {
            "arn": "arn:aws:ec2:ap-southeast-2:105976787140:route-table/rtb-02f23a765abcc6dbd",
            "id": "rtb-02f23a765abcc6dbd",
            "owner_id": "105976787140",
            "propagating_vgws": [],
            "route": [
              {
                "carrier_gateway_id": "",
                "cidr_block": "0.0.0.0/0",
                "core_network_arn": "",
                "destination_prefix_list_id": "",
                "egress_only_gateway_id": "",
                "gateway_id": "",
                "instance_id": "",
                "ipv6_cidr_block": "",
                "local_gateway_id": "",
                "nat_gateway_id": "nat-044ac2538896d90a5",
                "network_interface_id": "",
                "transit_gateway_id": "",
                "vpc_endpoint_id": "",
                "vpc_peering_connection_id": ""
              }
            ],
            "tags": {
              "Name": "Alvin Private RT | App Tier"
            },
            "tags_all": {
              "Name": "Alvin Private RT | App Tier"
            },
            "timeouts": null,
            "vpc_id": "vpc-01663faaf221c0d0e"
          },
          "sensitive_attributes": [],
          "private": "eyJlMmJmYjczMC1lY2FhLTExZTYtOGY4OC0zNDM2M2JjN2M0YzAiOnsiY3JlYXRlIjozMDAwMDAwMDAwMDAsImRlbGV0ZSI6MzAwMDAwMDAwMDAwLCJ1cGRhdGUiOjEyMDAwMDAwMDAwMH19",
          "dependencies": [
            "aws_eip.alvin_eip_1",
            "aws_nat_gateway.alvin_nat_1",
            "aws_subnet.alvin_subnet_1a",
            "aws_vpc.alvin_vpc"
          ]
        }
      ]
    },
    {
      "mode": "managed",
      "type": "aws_route_table",
      "name": "alvin_rt_priv_3",
      "provider": "provider[\"registry.terraform.io/hashicorp/aws\"]",
      "instances": [
        {
          "schema_version": 0,
          "attributes": {
            "arn": "arn:aws:ec2:ap-southeast-2:105976787140:route-table/rtb-07fd451c3d9004351",
            "id": "rtb-07fd451c3d9004351",
            "owner_id": "105976787140",
            "propagating_vgws": [],
            "route": [
              {
                "carrier_gateway_id": "",
                "cidr_block": "0.0.0.0/0",
                "core_network_arn": "",
                "destination_prefix_list_id": "",
                "egress_only_gateway_id": "",
                "gateway_id": "",
                "instance_id": "",
                "ipv6_cidr_block": "",
                "local_gateway_id": "",
                "nat_gateway_id": "nat-072be4b79ee6f0903",
                "network_interface_id": "",
                "transit_gateway_id": "",
                "vpc_endpoint_id": "",
                "vpc_peering_connection_id": ""
              }
            ],
            "tags": {
              "Name": "Alvin Private RT | Database Tier"
            },
            "tags_all": {
              "Name": "Alvin Private RT | Database Tier"
            },
            "timeouts": null,
            "vpc_id": "vpc-01663faaf221c0d0e"
          },
          "sensitive_attributes": [],
          "private": "eyJlMmJmYjczMC1lY2FhLTExZTYtOGY4OC0zNDM2M2JjN2M0YzAiOnsiY3JlYXRlIjozMDAwMDAwMDAwMDAsImRlbGV0ZSI6MzAwMDAwMDAwMDAwLCJ1cGRhdGUiOjEyMDAwMDAwMDAwMH19",
          "dependencies": [
            "aws_eip.alvin_eip_2",
            "aws_nat_gateway.alvin_nat_2",
            "aws_subnet.alvin_subnet_1b",
            "aws_vpc.alvin_vpc"
          ]
        }
      ]
    },
    {
      "mode": "managed",
      "type": "aws_route_table",
      "name": "alvin_rt_pub_1",
      "provider": "provider[\"registry.terraform.io/hashicorp/aws\"]",
      "instances": [
        {
          "schema_version": 0,
          "attributes": {
            "arn": "arn:aws:ec2:ap-southeast-2:105976787140:route-table/rtb-06ebd026c6b981465",
            "id": "rtb-06ebd026c6b981465",
            "owner_id": "105976787140",
            "propagating_vgws": [],
            "route": [
              {
                "carrier_gateway_id": "",
                "cidr_block": "0.0.0.0/0",
                "core_network_arn": "",
                "destination_prefix_list_id": "",
                "egress_only_gateway_id": "",
                "gateway_id": "igw-004d1a6d6982c70e2",
                "instance_id": "",
                "ipv6_cidr_block": "",
                "local_gateway_id": "",
                "nat_gateway_id": "",
                "network_interface_id": "",
                "transit_gateway_id": "",
                "vpc_endpoint_id": "",
                "vpc_peering_connection_id": ""
              }
            ],
            "tags": {
              "Name": "Alvin Public RT"
            },
            "tags_all": {
              "Name": "Alvin Public RT"
            },
            "timeouts": null,
            "vpc_id": "vpc-01663faaf221c0d0e"
          },
          "sensitive_attributes": [],
          "private": "eyJlMmJmYjczMC1lY2FhLTExZTYtOGY4OC0zNDM2M2JjN2M0YzAiOnsiY3JlYXRlIjozMDAwMDAwMDAwMDAsImRlbGV0ZSI6MzAwMDAwMDAwMDAwLCJ1cGRhdGUiOjEyMDAwMDAwMDAwMH19",
          "dependencies": [
            "aws_internet_gateway.alvin_igw",
            "aws_vpc.alvin_vpc"
          ]
        }
      ]
    },
    {
      "mode": "managed",
      "type": "aws_route_table_association",
      "name": "alvin_sn_rt_1a",
      "provider": "provider[\"registry.terraform.io/hashicorp/aws\"]",
      "instances": [
        {
          "schema_version": 0,
          "attributes": {
            "gateway_id": "",
            "id": "rtbassoc-02eb1f1151a61db57",
            "route_table_id": "rtb-06ebd026c6b981465",
            "subnet_id": "subnet-04f00f5818d426b47"
          },
          "sensitive_attributes": [],
          "private": "bnVsbA==",
          "dependencies": [
            "aws_internet_gateway.alvin_igw",
            "aws_route_table.alvin_rt_pub_1",
            "aws_subnet.alvin_subnet_1a",
            "aws_vpc.alvin_vpc"
          ]
        }
      ]
    },
    {
      "mode": "managed",
      "type": "aws_route_table_association",
      "name": "alvin_sn_rt_1b",
      "provider": "provider[\"registry.terraform.io/hashicorp/aws\"]",
      "instances": [
        {
          "schema_version": 0,
          "attributes": {
            "gateway_id": "",
            "id": "rtbassoc-06c70ec633c7f1689",
            "route_table_id": "rtb-06ebd026c6b981465",
            "subnet_id": "subnet-09484f1ab2d0b5ef9"
          },
          "sensitive_attributes": [],
          "private": "bnVsbA==",
          "dependencies": [
            "aws_internet_gateway.alvin_igw",
            "aws_route_table.alvin_rt_pub_1",
            "aws_subnet.alvin_subnet_1b",
            "aws_vpc.alvin_vpc"
          ]
        }
      ]
    },
    {
      "mode": "managed",
      "type": "aws_route_table_association",
      "name": "alvin_sn_rt_2a",
      "provider": "provider[\"registry.terraform.io/hashicorp/aws\"]",
      "instances": [
        {
          "schema_version": 0,
          "attributes": {
            "gateway_id": "",
            "id": "rtbassoc-0c087bab5c380ddc5",
            "route_table_id": "rtb-02f23a765abcc6dbd",
            "subnet_id": "subnet-09bb06f8c914d14db"
          },
          "sensitive_attributes": [],
          "private": "bnVsbA==",
          "dependencies": [
            "aws_eip.alvin_eip_1",
            "aws_nat_gateway.alvin_nat_1",
            "aws_route_table.alvin_rt_priv_2",
            "aws_subnet.alvin_subnet_1a",
            "aws_subnet.alvin_subnet_2a",
            "aws_vpc.alvin_vpc"
          ]
        }
      ]
    },
    {
      "mode": "managed",
      "type": "aws_route_table_association",
      "name": "alvin_sn_rt_2b",
      "provider": "provider[\"registry.terraform.io/hashicorp/aws\"]",
      "instances": [
        {
          "schema_version": 0,
          "attributes": {
            "gateway_id": "",
            "id": "rtbassoc-0df57520064f081e8",
            "route_table_id": "rtb-07fd451c3d9004351",
            "subnet_id": "subnet-014e70c6796c7b665"
          },
          "sensitive_attributes": [],
          "private": "bnVsbA==",
          "dependencies": [
            "aws_eip.alvin_eip_2",
            "aws_nat_gateway.alvin_nat_2",
            "aws_route_table.alvin_rt_priv_3",
            "aws_subnet.alvin_subnet_1b",
            "aws_subnet.alvin_subnet_2b",
            "aws_vpc.alvin_vpc"
          ]
        }
      ]
    },
    {
      "mode": "managed",
      "type": "aws_route_table_association",
      "name": "alvin_sn_rt_3a",
      "provider": "provider[\"registry.terraform.io/hashicorp/aws\"]",
      "instances": [
        {
          "schema_version": 0,
          "attributes": {
            "gateway_id": "",
            "id": "rtbassoc-0f2e95e1c9ceb842e",
            "route_table_id": "rtb-02f23a765abcc6dbd",
            "subnet_id": "subnet-01c62251a24b45e35"
          },
          "sensitive_attributes": [],
          "private": "bnVsbA==",
          "dependencies": [
            "aws_eip.alvin_eip_1",
            "aws_nat_gateway.alvin_nat_1",
            "aws_route_table.alvin_rt_priv_2",
            "aws_subnet.alvin_subnet_1a",
            "aws_subnet.alvin_subnet_3a",
            "aws_vpc.alvin_vpc"
          ]
        }
      ]
    },
    {
      "mode": "managed",
      "type": "aws_route_table_association",
      "name": "alvin_sn_rt_3b",
      "provider": "provider[\"registry.terraform.io/hashicorp/aws\"]",
      "instances": [
        {
          "schema_version": 0,
          "attributes": {
            "gateway_id": "",
            "id": "rtbassoc-0f65f9e928314d780",
            "route_table_id": "rtb-07fd451c3d9004351",
            "subnet_id": "subnet-0ab5a266aecf0893c"
          },
          "sensitive_attributes": [],
          "private": "bnVsbA==",
          "dependencies": [
            "aws_eip.alvin_eip_2",
            "aws_nat_gateway.alvin_nat_2",
            "aws_route_table.alvin_rt_priv_3",
            "aws_subnet.alvin_subnet_1b",
            "aws_subnet.alvin_subnet_3b",
            "aws_vpc.alvin_vpc"
          ]
        }
      ]
    },
    {
      "mode": "managed",
      "type": "aws_s3_bucket",
      "name": "alvin_config_bucket",
      "provider": "provider[\"registry.terraform.io/hashicorp/aws\"]",
      "instances": [
        {
          "schema_version": 0,
          "attributes": {
            "acceleration_status": "",
            "acl": null,
            "arn": "arn:aws:s3:::alvin-config-bucket",
            "bucket": "alvin-config-bucket",
            "bucket_domain_name": "alvin-config-bucket.s3.amazonaws.com",
            "bucket_prefix": null,
            "bucket_regional_domain_name": "alvin-config-bucket.s3.ap-southeast-2.amazonaws.com",
            "cors_rule": [],
            "force_destroy": false,
            "grant": [
              {
                "id": "651b3fc9499b6b6d01d6cd2a5a591b094cf9a94ebee75d363e7471d7a834f9cb",
                "permissions": [
                  "FULL_CONTROL"
                ],
                "type": "CanonicalUser",
                "uri": ""
              }
            ],
            "hosted_zone_id": "Z1WCIGYICN2BYD",
            "id": "alvin-config-bucket",
            "lifecycle_rule": [],
            "logging": [],
            "object_lock_configuration": [],
            "object_lock_enabled": false,
            "policy": "",
            "region": "ap-southeast-2",
            "replication_configuration": [],
            "request_payer": "BucketOwner",
            "server_side_encryption_configuration": [
              {
                "rule": [
                  {
                    "apply_server_side_encryption_by_default": [
                      {
                        "kms_master_key_id": "arn:aws:kms:ap-southeast-2:105976787140:key/547261dd-8353-4b64-b0f3-cc20a942e3ab",
                        "sse_algorithm": "aws:kms"
                      }
                    ],
                    "bucket_key_enabled": false
                  }
                ]
              }
            ],
            "tags": {
              "Environment": "Dev",
              "Name": "alvin-config-bucket",
              "Terraform": "Yes"
            },
            "tags_all": {
              "Environment": "Dev",
              "Name": "alvin-config-bucket",
              "Terraform": "Yes"
            },
            "timeouts": null,
            "versioning": [
              {
                "enabled": false,
                "mfa_delete": false
              }
            ],
            "website": [],
            "website_domain": null,
            "website_endpoint": null
          },
          "sensitive_attributes": [],
          "private": "eyJlMmJmYjczMC1lY2FhLTExZTYtOGY4OC0zNDM2M2JjN2M0YzAiOnsiY3JlYXRlIjoxMjAwMDAwMDAwMDAwLCJkZWxldGUiOjM2MDAwMDAwMDAwMDAsInJlYWQiOjEyMDAwMDAwMDAwMDAsInVwZGF0ZSI6MTIwMDAwMDAwMDAwMH19"
        }
      ]
    },
    {
      "mode": "managed",
      "type": "aws_s3_bucket",
      "name": "alvin_trail_bucket",
      "provider": "provider[\"registry.terraform.io/hashicorp/aws\"]",
      "instances": [
        {
          "schema_version": 0,
          "attributes": {
            "acceleration_status": "",
            "acl": null,
            "arn": "arn:aws:s3:::alvin-trail-bucket",
            "bucket": "alvin-trail-bucket",
            "bucket_domain_name": "alvin-trail-bucket.s3.amazonaws.com",
            "bucket_prefix": null,
            "bucket_regional_domain_name": "alvin-trail-bucket.s3.ap-southeast-2.amazonaws.com",
            "cors_rule": [],
            "force_destroy": true,
            "grant": [
              {
                "id": "651b3fc9499b6b6d01d6cd2a5a591b094cf9a94ebee75d363e7471d7a834f9cb",
                "permissions": [
                  "FULL_CONTROL"
                ],
                "type": "CanonicalUser",
                "uri": ""
              }
            ],
            "hosted_zone_id": "Z1WCIGYICN2BYD",
            "id": "alvin-trail-bucket",
            "lifecycle_rule": [],
            "logging": [],
            "object_lock_configuration": [],
            "object_lock_enabled": false,
            "policy": "{\"Version\":\"2012-10-17\",\"Statement\":[{\"Sid\":\"AWSCloudTrailAclCheck\",\"Effect\":\"Allow\",\"Principal\":{\"Service\":\"cloudtrail.amazonaws.com\"},\"Action\":\"s3:GetBucketAcl\",\"Resource\":\"arn:aws:s3:::alvin-trail-bucket\"},{\"Sid\":\"AWSCloudTrailWrite\",\"Effect\":\"Allow\",\"Principal\":{\"Service\":\"cloudtrail.amazonaws.com\"},\"Action\":\"s3:PutObject\",\"Resource\":\"arn:aws:s3:::alvin-trail-bucket/prefix/AWSLogs/105976787140/*\",\"Condition\":{\"StringEquals\":{\"s3:x-amz-acl\":\"bucket-owner-full-control\"}}}]}",
            "region": "ap-southeast-2",
            "replication_configuration": [],
            "request_payer": "BucketOwner",
            "server_side_encryption_configuration": [
              {
                "rule": [
                  {
                    "apply_server_side_encryption_by_default": [
                      {
                        "kms_master_key_id": "arn:aws:kms:ap-southeast-2:105976787140:key/547261dd-8353-4b64-b0f3-cc20a942e3ab",
                        "sse_algorithm": "aws:kms"
                      }
                    ],
                    "bucket_key_enabled": false
                  }
                ]
              }
            ],
            "tags": {
              "Name": "alvin-trail-bucket"
            },
            "tags_all": {
              "Name": "alvin-trail-bucket"
            },
            "timeouts": null,
            "versioning": [
              {
                "enabled": false,
                "mfa_delete": false
              }
            ],
            "website": [],
            "website_domain": null,
            "website_endpoint": null
          },
          "sensitive_attributes": [],
          "private": "eyJlMmJmYjczMC1lY2FhLTExZTYtOGY4OC0zNDM2M2JjN2M0YzAiOnsiY3JlYXRlIjoxMjAwMDAwMDAwMDAwLCJkZWxldGUiOjM2MDAwMDAwMDAwMDAsInJlYWQiOjEyMDAwMDAwMDAwMDAsInVwZGF0ZSI6MTIwMDAwMDAwMDAwMH19"
        }
      ]
    },
    {
      "mode": "managed",
      "type": "aws_s3_bucket_policy",
      "name": "alvin_trail_bucket_policy",
      "provider": "provider[\"registry.terraform.io/hashicorp/aws\"]",
      "instances": [
        {
          "schema_version": 0,
          "attributes": {
            "bucket": "alvin-trail-bucket",
            "id": "alvin-trail-bucket",
            "policy": "{\"Statement\":[{\"Action\":\"s3:GetBucketAcl\",\"Effect\":\"Allow\",\"Principal\":{\"Service\":\"cloudtrail.amazonaws.com\"},\"Resource\":\"arn:aws:s3:::alvin-trail-bucket\",\"Sid\":\"AWSCloudTrailAclCheck\"},{\"Action\":\"s3:PutObject\",\"Condition\":{\"StringEquals\":{\"s3:x-amz-acl\":\"bucket-owner-full-control\"}},\"Effect\":\"Allow\",\"Principal\":{\"Service\":\"cloudtrail.amazonaws.com\"},\"Resource\":\"arn:aws:s3:::alvin-trail-bucket/prefix/AWSLogs/105976787140/*\",\"Sid\":\"AWSCloudTrailWrite\"}],\"Version\":\"2012-10-17\"}"
          },
          "sensitive_attributes": [],
          "private": "bnVsbA==",
          "dependencies": [
            "aws_s3_bucket.alvin_trail_bucket",
            "data.aws_caller_identity.current"
          ]
        }
      ]
    },
    {
      "mode": "managed",
      "type": "aws_s3_bucket_server_side_encryption_configuration",
      "name": "alvin_config_bucket_encryption",
      "provider": "provider[\"registry.terraform.io/hashicorp/aws\"]",
      "instances": [
        {
          "schema_version": 0,
          "attributes": {
            "bucket": "alvin-config-bucket",
            "expected_bucket_owner": "",
            "id": "alvin-config-bucket",
            "rule": [
              {
                "apply_server_side_encryption_by_default": [
                  {
                    "kms_master_key_id": "arn:aws:kms:ap-southeast-2:105976787140:key/547261dd-8353-4b64-b0f3-cc20a942e3ab",
                    "sse_algorithm": "aws:kms"
                  }
                ],
                "bucket_key_enabled": false
              }
            ]
          },
          "sensitive_attributes": [],
          "private": "bnVsbA==",
          "dependencies": [
            "aws_kms_key.mykey",
            "aws_s3_bucket.alvin_config_bucket"
          ]
        }
      ]
    },
    {
      "mode": "managed",
      "type": "aws_s3_bucket_server_side_encryption_configuration",
      "name": "alvin_trail_bucket_encryption",
      "provider": "provider[\"registry.terraform.io/hashicorp/aws\"]",
      "instances": [
        {
          "schema_version": 0,
          "attributes": {
            "bucket": "alvin-trail-bucket",
            "expected_bucket_owner": "",
            "id": "alvin-trail-bucket",
            "rule": [
              {
                "apply_server_side_encryption_by_default": [
                  {
                    "kms_master_key_id": "arn:aws:kms:ap-southeast-2:105976787140:key/547261dd-8353-4b64-b0f3-cc20a942e3ab",
                    "sse_algorithm": "aws:kms"
                  }
                ],
                "bucket_key_enabled": false
              }
            ]
          },
          "sensitive_attributes": [],
          "private": "bnVsbA==",
          "dependencies": [
            "aws_kms_key.mykey",
            "aws_s3_bucket.alvin_trail_bucket"
          ]
        }
      ]
    },
    {
      "mode": "managed",
      "type": "aws_security_group",
      "name": "alb_sg",
      "provider": "provider[\"registry.terraform.io/hashicorp/aws\"]",
      "instances": [
        {
          "schema_version": 1,
          "attributes": {
            "arn": "arn:aws:ec2:ap-southeast-2:105976787140:security-group/sg-0403e8a29674cd1a3",
            "description": "Enable HTTP/HTTPS access on Port 80/443",
            "egress": [
              {
                "cidr_blocks": [
                  "0.0.0.0/0"
                ],
                "description": "Allow outbound connections from ALB",
                "from_port": 0,
                "ipv6_cidr_blocks": [],
                "prefix_list_ids": [],
                "protocol": "-1",
                "security_groups": [],
                "self": false,
                "to_port": 0
              }
            ],
            "id": "sg-0403e8a29674cd1a3",
            "ingress": [
              {
                "cidr_blocks": [
                  "0.0.0.0/0"
                ],
                "description": "Allow HTTP access for ALB",
                "from_port": 80,
                "ipv6_cidr_blocks": [],
                "prefix_list_ids": [],
                "protocol": "tcp",
                "security_groups": [],
                "self": false,
                "to_port": 80
              },
              {
                "cidr_blocks": [
                  "0.0.0.0/0"
                ],
                "description": "Allow HTTPS access for ALB",
                "from_port": 443,
                "ipv6_cidr_blocks": [],
                "prefix_list_ids": [],
                "protocol": "tcp",
                "security_groups": [],
                "self": false,
                "to_port": 443
              }
            ],
            "name": "alvin_alb_sg",
            "name_prefix": "",
            "owner_id": "105976787140",
            "revoke_rules_on_delete": false,
            "tags": {
              "Environment": "Dev",
              "Name": "alvin_alb_sg",
              "Terraform": "Yes"
            },
            "tags_all": {
              "Environment": "Dev",
              "Name": "alvin_alb_sg",
              "Terraform": "Yes"
            },
            "timeouts": null,
            "vpc_id": "vpc-01663faaf221c0d0e"
          },
          "sensitive_attributes": [],
          "private": "eyJlMmJmYjczMC1lY2FhLTExZTYtOGY4OC0zNDM2M2JjN2M0YzAiOnsiY3JlYXRlIjo2MDAwMDAwMDAwMDAsImRlbGV0ZSI6OTAwMDAwMDAwMDAwfSwic2NoZW1hX3ZlcnNpb24iOiIxIn0=",
          "dependencies": [
            "aws_vpc.alvin_vpc"
          ],
          "create_before_destroy": true
        }
      ]
    },
    {
      "mode": "managed",
      "type": "aws_security_group",
      "name": "alvin_bh_sg",
      "provider": "provider[\"registry.terraform.io/hashicorp/aws\"]",
      "instances": [
        {
          "schema_version": 1,
          "attributes": {
            "arn": "arn:aws:ec2:ap-southeast-2:105976787140:security-group/sg-0c310bf441a5c3bba",
            "description": "Bastion Host, Enable SSH access on Port 22",
            "egress": [
              {
                "cidr_blocks": [
                  "0.0.0.0/0"
                ],
                "description": "Outbound from Bastion Host",
                "from_port": 22,
                "ipv6_cidr_blocks": [],
                "prefix_list_ids": [],
                "protocol": "tcp",
                "security_groups": [],
                "self": false,
                "to_port": 22
              }
            ],
            "id": "sg-0c310bf441a5c3bba",
            "ingress": [
              {
                "cidr_blocks": [
                  "0.0.0.0/0"
                ],
                "description": "Bastion Host SG, SSH Access",
                "from_port": 22,
                "ipv6_cidr_blocks": [],
                "prefix_list_ids": [],
                "protocol": "tcp",
                "security_groups": [],
                "self": false,
                "to_port": 22
              }
            ],
            "name": "alvin_bastion_host_sg",
            "name_prefix": "",
            "owner_id": "105976787140",
            "revoke_rules_on_delete": false,
            "tags": {
              "Environment": "Dev",
              "Name": "alvin_bh_SSH_sg",
              "Terraform": "Yes"
            },
            "tags_all": {
              "Environment": "Dev",
              "Name": "alvin_bh_SSH_sg",
              "Terraform": "Yes"
            },
            "timeouts": null,
            "vpc_id": "vpc-01663faaf221c0d0e"
          },
          "sensitive_attributes": [],
          "private": "eyJlMmJmYjczMC1lY2FhLTExZTYtOGY4OC0zNDM2M2JjN2M0YzAiOnsiY3JlYXRlIjo2MDAwMDAwMDAwMDAsImRlbGV0ZSI6OTAwMDAwMDAwMDAwfSwic2NoZW1hX3ZlcnNpb24iOiIxIn0=",
          "dependencies": [
            "aws_vpc.alvin_vpc"
          ],
          "create_before_destroy": true
        }
      ]
    },
    {
      "mode": "managed",
      "type": "aws_security_group",
      "name": "alvin_webapp_sg",
      "provider": "provider[\"registry.terraform.io/hashicorp/aws\"]",
      "instances": [
        {
          "schema_version": 1,
          "attributes": {
            "arn": "arn:aws:ec2:ap-southeast-2:105976787140:security-group/sg-00369770a2ad88d22",
            "description": "Enable HTTP/HTTPS access on Port 8080/443 via ALB and SSH on Port 22 via BH SG",
            "egress": [
              {
                "cidr_blocks": [
                  "0.0.0.0/0"
                ],
                "description": "outbound from webserver",
                "from_port": 0,
                "ipv6_cidr_blocks": [],
                "prefix_list_ids": [],
                "protocol": "-1",
                "security_groups": [],
                "self": false,
                "to_port": 0
              }
            ],
            "id": "sg-00369770a2ad88d22",
            "ingress": [
              {
                "cidr_blocks": [],
                "description": "HTTP Port",
                "from_port": 8080,
                "ipv6_cidr_blocks": [],
                "prefix_list_ids": [],
                "protocol": "tcp",
                "security_groups": [
                  "sg-0403e8a29674cd1a3"
                ],
                "self": false,
                "to_port": 8080
              },
              {
                "cidr_blocks": [],
                "description": "HTTPS Port",
                "from_port": 443,
                "ipv6_cidr_blocks": [],
                "prefix_list_ids": [],
                "protocol": "tcp",
                "security_groups": [
                  "sg-0403e8a29674cd1a3"
                ],
                "self": false,
                "to_port": 443
              },
              {
                "cidr_blocks": [],
                "description": "SSH Access",
                "from_port": 22,
                "ipv6_cidr_blocks": [],
                "prefix_list_ids": [],
                "protocol": "tcp",
                "security_groups": [
                  "sg-0c310bf441a5c3bba"
                ],
                "self": false,
                "to_port": 22
              }
            ],
            "name": "alvin_webapp_sg",
            "name_prefix": "",
            "owner_id": "105976787140",
            "revoke_rules_on_delete": false,
            "tags": {
              "Environment": "Dev",
              "Name": "alvin_webapp_sg",
              "Terraform": "Yes"
            },
            "tags_all": {
              "Environment": "Dev",
              "Name": "alvin_webapp_sg",
              "Terraform": "Yes"
            },
            "timeouts": null,
            "vpc_id": "vpc-01663faaf221c0d0e"
          },
          "sensitive_attributes": [],
          "private": "eyJlMmJmYjczMC1lY2FhLTExZTYtOGY4OC0zNDM2M2JjN2M0YzAiOnsiY3JlYXRlIjo2MDAwMDAwMDAwMDAsImRlbGV0ZSI6OTAwMDAwMDAwMDAwfSwic2NoZW1hX3ZlcnNpb24iOiIxIn0=",
          "dependencies": [
            "aws_security_group.alb_sg",
            "aws_security_group.alvin_bh_sg",
            "aws_vpc.alvin_vpc"
          ],
          "create_before_destroy": true
        }
      ]
    },
    {
      "mode": "managed",
      "type": "aws_security_group",
      "name": "mariadb_sg",
      "provider": "provider[\"registry.terraform.io/hashicorp/aws\"]",
      "instances": [
        {
          "schema_version": 1,
          "attributes": {
            "arn": "arn:aws:ec2:ap-southeast-2:105976787140:security-group/sg-074e5443d60cc1b82",
            "description": "Enable MySQL/Aurora Access on Port 3306",
            "egress": [
              {
                "cidr_blocks": [
                  "0.0.0.0/0"
                ],
                "description": "outbound from MariaDB",
                "from_port": 0,
                "ipv6_cidr_blocks": [],
                "prefix_list_ids": [],
                "protocol": "-1",
                "security_groups": [],
                "self": false,
                "to_port": 0
              }
            ],
            "id": "sg-074e5443d60cc1b82",
            "ingress": [
              {
                "cidr_blocks": [],
                "description": "MySQL/Aurora Access",
                "from_port": 3306,
                "ipv6_cidr_blocks": [],
                "prefix_list_ids": [],
                "protocol": "tcp",
                "security_groups": [
                  "sg-00369770a2ad88d22"
                ],
                "self": false,
                "to_port": 3306
              }
            ],
            "name": "alvin_mariadb_sg",
            "name_prefix": "",
            "owner_id": "105976787140",
            "revoke_rules_on_delete": false,
            "tags": {
              "Environment": "Dev",
              "Name": "alvin_mariadb_sg",
              "Terraform": "Yes"
            },
            "tags_all": {
              "Environment": "Dev",
              "Name": "alvin_mariadb_sg",
              "Terraform": "Yes"
            },
            "timeouts": null,
            "vpc_id": "vpc-01663faaf221c0d0e"
          },
          "sensitive_attributes": [],
          "private": "eyJlMmJmYjczMC1lY2FhLTExZTYtOGY4OC0zNDM2M2JjN2M0YzAiOnsiY3JlYXRlIjo2MDAwMDAwMDAwMDAsImRlbGV0ZSI6OTAwMDAwMDAwMDAwfSwic2NoZW1hX3ZlcnNpb24iOiIxIn0=",
          "dependencies": [
            "aws_security_group.alb_sg",
            "aws_security_group.alvin_bh_sg",
            "aws_security_group.alvin_webapp_sg",
            "aws_vpc.alvin_vpc"
          ]
        }
      ]
    },
    {
      "mode": "managed",
      "type": "aws_securityhub_account",
      "name": "alvin_sec_hub",
      "provider": "provider[\"registry.terraform.io/hashicorp/aws\"]",
      "instances": [
        {
          "schema_version": 0,
          "attributes": {
            "id": "105976787140"
          },
          "sensitive_attributes": [],
          "private": "bnVsbA=="
        }
      ]
    },
    {
      "mode": "managed",
      "type": "aws_securityhub_standards_subscription",
      "name": "alvin_sec_hub_cis_foundations",
      "provider": "provider[\"registry.terraform.io/hashicorp/aws\"]",
      "instances": [
        {
          "schema_version": 0,
          "attributes": {
            "id": "arn:aws:securityhub:ap-southeast-2:105976787140:subscription/cis-aws-foundations-benchmark/v/1.2.0",
            "standards_arn": "arn:aws:securityhub:::ruleset/cis-aws-foundations-benchmark/v/1.2.0"
          },
          "sensitive_attributes": [],
          "private": "bnVsbA==",
          "dependencies": [
            "aws_securityhub_account.alvin_sec_hub"
          ]
        }
      ]
    },
    {
      "mode": "managed",
      "type": "aws_securityhub_standards_subscription",
      "name": "alvin_sec_hub_pci321",
      "provider": "provider[\"registry.terraform.io/hashicorp/aws\"]",
      "instances": [
        {
          "schema_version": 0,
          "attributes": {
            "id": "arn:aws:securityhub:ap-southeast-2:105976787140:subscription/pci-dss/v/3.2.1",
            "standards_arn": "arn:aws:securityhub:ap-southeast-2::standards/pci-dss/v/3.2.1"
          },
          "sensitive_attributes": [],
          "private": "bnVsbA==",
          "dependencies": [
            "aws_securityhub_account.alvin_sec_hub"
          ]
        }
      ]
    },
    {
      "mode": "managed",
      "type": "aws_securityhub_standards_subscription",
      "name": "alvin_sechub_best_prac",
      "provider": "provider[\"registry.terraform.io/hashicorp/aws\"]",
      "instances": [
        {
          "schema_version": 0,
          "attributes": {
            "id": "arn:aws:securityhub:ap-southeast-2:105976787140:subscription/aws-foundational-security-best-practices/v/1.0.0",
            "standards_arn": "arn:aws:securityhub:ap-southeast-2::standards/aws-foundational-security-best-practices/v/1.0.0"
          },
          "sensitive_attributes": [],
          "private": "bnVsbA==",
          "dependencies": [
            "aws_securityhub_account.alvin_sec_hub"
          ]
        }
      ]
    },
    {
      "mode": "managed",
      "type": "aws_sns_topic",
      "name": "user_updates",
      "provider": "provider[\"registry.terraform.io/hashicorp/aws\"]",
      "instances": [
        {
          "schema_version": 0,
          "attributes": {
            "application_failure_feedback_role_arn": "",
            "application_success_feedback_role_arn": "",
            "application_success_feedback_sample_rate": 0,
            "arn": "arn:aws:sns:ap-southeast-2:105976787140:alvin-capstone-topic",
            "content_based_deduplication": false,
            "delivery_policy": "",
            "display_name": "",
            "fifo_topic": false,
            "firehose_failure_feedback_role_arn": "",
            "firehose_success_feedback_role_arn": "",
            "firehose_success_feedback_sample_rate": 0,
            "http_failure_feedback_role_arn": "",
            "http_success_feedback_role_arn": "",
            "http_success_feedback_sample_rate": 0,
            "id": "arn:aws:sns:ap-southeast-2:105976787140:alvin-capstone-topic",
            "kms_master_key_id": "",
            "lambda_failure_feedback_role_arn": "",
            "lambda_success_feedback_role_arn": "",
            "lambda_success_feedback_sample_rate": 0,
            "name": "alvin-capstone-topic",
            "name_prefix": "",
            "owner": "105976787140",
            "policy": "{\"Version\":\"2008-10-17\",\"Id\":\"__default_policy_ID\",\"Statement\":[{\"Sid\":\"__default_statement_ID\",\"Effect\":\"Allow\",\"Principal\":{\"AWS\":\"*\"},\"Action\":[\"SNS:GetTopicAttributes\",\"SNS:SetTopicAttributes\",\"SNS:AddPermission\",\"SNS:RemovePermission\",\"SNS:DeleteTopic\",\"SNS:Subscribe\",\"SNS:ListSubscriptionsByTopic\",\"SNS:Publish\"],\"Resource\":\"arn:aws:sns:ap-southeast-2:105976787140:alvin-capstone-topic\",\"Condition\":{\"StringEquals\":{\"AWS:SourceOwner\":\"105976787140\"}}}]}",
            "sqs_failure_feedback_role_arn": "",
            "sqs_success_feedback_role_arn": "",
            "sqs_success_feedback_sample_rate": 0,
            "tags": {},
            "tags_all": {}
          },
          "sensitive_attributes": [],
          "private": "bnVsbA=="
        }
      ]
    },
    {
      "mode": "managed",
      "type": "aws_sns_topic_subscription",
      "name": "notification_topic",
      "provider": "provider[\"registry.terraform.io/hashicorp/aws\"]",
      "instances": [
        {
          "schema_version": 0,
          "attributes": {
            "arn": "arn:aws:sns:ap-southeast-2:105976787140:alvin-capstone-topic:b85b2bb5-55a1-437b-8303-5073621c52b8",
            "confirmation_timeout_in_minutes": 1,
            "confirmation_was_authenticated": false,
            "delivery_policy": "",
            "endpoint": "alvin.yeo@geco.asia",
            "endpoint_auto_confirms": false,
            "filter_policy": "",
            "id": "arn:aws:sns:ap-southeast-2:105976787140:alvin-capstone-topic:b85b2bb5-55a1-437b-8303-5073621c52b8",
            "owner_id": "105976787140",
            "pending_confirmation": true,
            "protocol": "email",
            "raw_message_delivery": false,
            "redrive_policy": "",
            "subscription_role_arn": "",
            "topic_arn": "arn:aws:sns:ap-southeast-2:105976787140:alvin-capstone-topic"
          },
          "sensitive_attributes": [],
          "private": "bnVsbA==",
          "dependencies": [
            "aws_sns_topic.user_updates"
          ]
        }
      ]
    },
    {
      "mode": "managed",
      "type": "aws_subnet",
      "name": "alvin_subnet_1a",
      "provider": "provider[\"registry.terraform.io/hashicorp/aws\"]",
      "instances": [
        {
          "schema_version": 1,
          "attributes": {
            "arn": "arn:aws:ec2:ap-southeast-2:105976787140:subnet/subnet-04f00f5818d426b47",
            "assign_ipv6_address_on_creation": false,
            "availability_zone": "ap-southeast-2a",
            "availability_zone_id": "apse2-az1",
            "cidr_block": "70.0.0.0/20",
            "customer_owned_ipv4_pool": "",
            "enable_dns64": false,
            "enable_resource_name_dns_a_record_on_launch": false,
            "enable_resource_name_dns_aaaa_record_on_launch": false,
            "id": "subnet-04f00f5818d426b47",
            "ipv6_cidr_block": "",
            "ipv6_cidr_block_association_id": "",
            "ipv6_native": false,
            "map_customer_owned_ip_on_launch": false,
            "map_public_ip_on_launch": false,
            "outpost_arn": "",
            "owner_id": "105976787140",
            "private_dns_hostname_type_on_launch": "ip-name",
            "tags": {
              "Name": "alvin_pub_subnet_1a"
            },
            "tags_all": {
              "Name": "alvin_pub_subnet_1a"
            },
            "timeouts": null,
            "vpc_id": "vpc-01663faaf221c0d0e"
          },
          "sensitive_attributes": [],
          "private": "eyJlMmJmYjczMC1lY2FhLTExZTYtOGY4OC0zNDM2M2JjN2M0YzAiOnsiY3JlYXRlIjo2MDAwMDAwMDAwMDAsImRlbGV0ZSI6MTIwMDAwMDAwMDAwMH0sInNjaGVtYV92ZXJzaW9uIjoiMSJ9",
          "dependencies": [
            "aws_vpc.alvin_vpc"
          ]
        }
      ]
    },
    {
      "mode": "managed",
      "type": "aws_subnet",
      "name": "alvin_subnet_1b",
      "provider": "provider[\"registry.terraform.io/hashicorp/aws\"]",
      "instances": [
        {
          "schema_version": 1,
          "attributes": {
            "arn": "arn:aws:ec2:ap-southeast-2:105976787140:subnet/subnet-09484f1ab2d0b5ef9",
            "assign_ipv6_address_on_creation": false,
            "availability_zone": "ap-southeast-2b",
            "availability_zone_id": "apse2-az3",
            "cidr_block": "70.0.16.0/20",
            "customer_owned_ipv4_pool": "",
            "enable_dns64": false,
            "enable_resource_name_dns_a_record_on_launch": false,
            "enable_resource_name_dns_aaaa_record_on_launch": false,
            "id": "subnet-09484f1ab2d0b5ef9",
            "ipv6_cidr_block": "",
            "ipv6_cidr_block_association_id": "",
            "ipv6_native": false,
            "map_customer_owned_ip_on_launch": false,
            "map_public_ip_on_launch": false,
            "outpost_arn": "",
            "owner_id": "105976787140",
            "private_dns_hostname_type_on_launch": "ip-name",
            "tags": {
              "Name": "alvin_pub_subnet_1b"
            },
            "tags_all": {
              "Name": "alvin_pub_subnet_1b"
            },
            "timeouts": null,
            "vpc_id": "vpc-01663faaf221c0d0e"
          },
          "sensitive_attributes": [],
          "private": "eyJlMmJmYjczMC1lY2FhLTExZTYtOGY4OC0zNDM2M2JjN2M0YzAiOnsiY3JlYXRlIjo2MDAwMDAwMDAwMDAsImRlbGV0ZSI6MTIwMDAwMDAwMDAwMH0sInNjaGVtYV92ZXJzaW9uIjoiMSJ9",
          "dependencies": [
            "aws_vpc.alvin_vpc"
          ]
        }
      ]
    },
    {
      "mode": "managed",
      "type": "aws_subnet",
      "name": "alvin_subnet_2a",
      "provider": "provider[\"registry.terraform.io/hashicorp/aws\"]",
      "instances": [
        {
          "schema_version": 1,
          "attributes": {
            "arn": "arn:aws:ec2:ap-southeast-2:105976787140:subnet/subnet-09bb06f8c914d14db",
            "assign_ipv6_address_on_creation": false,
            "availability_zone": "ap-southeast-2a",
            "availability_zone_id": "apse2-az1",
            "cidr_block": "70.0.32.0/20",
            "customer_owned_ipv4_pool": "",
            "enable_dns64": false,
            "enable_resource_name_dns_a_record_on_launch": false,
            "enable_resource_name_dns_aaaa_record_on_launch": false,
            "id": "subnet-09bb06f8c914d14db",
            "ipv6_cidr_block": "",
            "ipv6_cidr_block_association_id": "",
            "ipv6_native": false,
            "map_customer_owned_ip_on_launch": false,
            "map_public_ip_on_launch": false,
            "outpost_arn": "",
            "owner_id": "105976787140",
            "private_dns_hostname_type_on_launch": "ip-name",
            "tags": {
              "Name": "alvin_priv_subnet_2a_app"
            },
            "tags_all": {
              "Name": "alvin_priv_subnet_2a_app"
            },
            "timeouts": null,
            "vpc_id": "vpc-01663faaf221c0d0e"
          },
          "sensitive_attributes": [],
          "private": "eyJlMmJmYjczMC1lY2FhLTExZTYtOGY4OC0zNDM2M2JjN2M0YzAiOnsiY3JlYXRlIjo2MDAwMDAwMDAwMDAsImRlbGV0ZSI6MTIwMDAwMDAwMDAwMH0sInNjaGVtYV92ZXJzaW9uIjoiMSJ9",
          "dependencies": [
            "aws_vpc.alvin_vpc"
          ],
          "create_before_destroy": true
        }
      ]
    },
    {
      "mode": "managed",
      "type": "aws_subnet",
      "name": "alvin_subnet_2b",
      "provider": "provider[\"registry.terraform.io/hashicorp/aws\"]",
      "instances": [
        {
          "schema_version": 1,
          "attributes": {
            "arn": "arn:aws:ec2:ap-southeast-2:105976787140:subnet/subnet-014e70c6796c7b665",
            "assign_ipv6_address_on_creation": false,
            "availability_zone": "ap-southeast-2b",
            "availability_zone_id": "apse2-az3",
            "cidr_block": "70.0.48.0/20",
            "customer_owned_ipv4_pool": "",
            "enable_dns64": false,
            "enable_resource_name_dns_a_record_on_launch": false,
            "enable_resource_name_dns_aaaa_record_on_launch": false,
            "id": "subnet-014e70c6796c7b665",
            "ipv6_cidr_block": "",
            "ipv6_cidr_block_association_id": "",
            "ipv6_native": false,
            "map_customer_owned_ip_on_launch": false,
            "map_public_ip_on_launch": false,
            "outpost_arn": "",
            "owner_id": "105976787140",
            "private_dns_hostname_type_on_launch": "ip-name",
            "tags": {
              "Name": "alvin_priv_subnet_2b_app"
            },
            "tags_all": {
              "Name": "alvin_priv_subnet_2b_app"
            },
            "timeouts": null,
            "vpc_id": "vpc-01663faaf221c0d0e"
          },
          "sensitive_attributes": [],
          "private": "eyJlMmJmYjczMC1lY2FhLTExZTYtOGY4OC0zNDM2M2JjN2M0YzAiOnsiY3JlYXRlIjo2MDAwMDAwMDAwMDAsImRlbGV0ZSI6MTIwMDAwMDAwMDAwMH0sInNjaGVtYV92ZXJzaW9uIjoiMSJ9",
          "dependencies": [
            "aws_vpc.alvin_vpc"
          ],
          "create_before_destroy": true
        }
      ]
    },
    {
      "mode": "managed",
      "type": "aws_subnet",
      "name": "alvin_subnet_3a",
      "provider": "provider[\"registry.terraform.io/hashicorp/aws\"]",
      "instances": [
        {
          "schema_version": 1,
          "attributes": {
            "arn": "arn:aws:ec2:ap-southeast-2:105976787140:subnet/subnet-01c62251a24b45e35",
            "assign_ipv6_address_on_creation": false,
            "availability_zone": "ap-southeast-2a",
            "availability_zone_id": "apse2-az1",
            "cidr_block": "70.0.64.0/20",
            "customer_owned_ipv4_pool": "",
            "enable_dns64": false,
            "enable_resource_name_dns_a_record_on_launch": false,
            "enable_resource_name_dns_aaaa_record_on_launch": false,
            "id": "subnet-01c62251a24b45e35",
            "ipv6_cidr_block": "",
            "ipv6_cidr_block_association_id": "",
            "ipv6_native": false,
            "map_customer_owned_ip_on_launch": false,
            "map_public_ip_on_launch": false,
            "outpost_arn": "",
            "owner_id": "105976787140",
            "private_dns_hostname_type_on_launch": "ip-name",
            "tags": {
              "Name": "alvin_priv_subnet_3a_db"
            },
            "tags_all": {
              "Name": "alvin_priv_subnet_3a_db"
            },
            "timeouts": null,
            "vpc_id": "vpc-01663faaf221c0d0e"
          },
          "sensitive_attributes": [],
          "private": "eyJlMmJmYjczMC1lY2FhLTExZTYtOGY4OC0zNDM2M2JjN2M0YzAiOnsiY3JlYXRlIjo2MDAwMDAwMDAwMDAsImRlbGV0ZSI6MTIwMDAwMDAwMDAwMH0sInNjaGVtYV92ZXJzaW9uIjoiMSJ9",
          "dependencies": [
            "aws_vpc.alvin_vpc"
          ]
        }
      ]
    },
    {
      "mode": "managed",
      "type": "aws_subnet",
      "name": "alvin_subnet_3b",
      "provider": "provider[\"registry.terraform.io/hashicorp/aws\"]",
      "instances": [
        {
          "schema_version": 1,
          "attributes": {
            "arn": "arn:aws:ec2:ap-southeast-2:105976787140:subnet/subnet-0ab5a266aecf0893c",
            "assign_ipv6_address_on_creation": false,
            "availability_zone": "ap-southeast-2b",
            "availability_zone_id": "apse2-az3",
            "cidr_block": "70.0.80.0/20",
            "customer_owned_ipv4_pool": "",
            "enable_dns64": false,
            "enable_resource_name_dns_a_record_on_launch": false,
            "enable_resource_name_dns_aaaa_record_on_launch": false,
            "id": "subnet-0ab5a266aecf0893c",
            "ipv6_cidr_block": "",
            "ipv6_cidr_block_association_id": "",
            "ipv6_native": false,
            "map_customer_owned_ip_on_launch": false,
            "map_public_ip_on_launch": false,
            "outpost_arn": "",
            "owner_id": "105976787140",
            "private_dns_hostname_type_on_launch": "ip-name",
            "tags": {
              "Name": "alvin_priv_subnet_3b_db"
            },
            "tags_all": {
              "Name": "alvin_priv_subnet_3b_db"
            },
            "timeouts": null,
            "vpc_id": "vpc-01663faaf221c0d0e"
          },
          "sensitive_attributes": [],
          "private": "eyJlMmJmYjczMC1lY2FhLTExZTYtOGY4OC0zNDM2M2JjN2M0YzAiOnsiY3JlYXRlIjo2MDAwMDAwMDAwMDAsImRlbGV0ZSI6MTIwMDAwMDAwMDAwMH0sInNjaGVtYV92ZXJzaW9uIjoiMSJ9",
          "dependencies": [
            "aws_vpc.alvin_vpc"
          ]
        }
      ]
    },
    {
      "mode": "managed",
      "type": "aws_vpc",
      "name": "alvin_vpc",
      "provider": "provider[\"registry.terraform.io/hashicorp/aws\"]",
      "instances": [
        {
          "schema_version": 1,
          "attributes": {
            "arn": "arn:aws:ec2:ap-southeast-2:105976787140:vpc/vpc-01663faaf221c0d0e",
            "assign_generated_ipv6_cidr_block": false,
            "cidr_block": "70.0.0.0/16",
            "default_network_acl_id": "acl-022a4206d8ad6081b",
            "default_route_table_id": "rtb-090039f8e220f51fe",
            "default_security_group_id": "sg-007f099f755c771d7",
            "dhcp_options_id": "dopt-0123296f785a02b44",
            "enable_classiclink": false,
            "enable_classiclink_dns_support": false,
            "enable_dns_hostnames": true,
            "enable_dns_support": true,
            "id": "vpc-01663faaf221c0d0e",
            "instance_tenancy": "default",
            "ipv4_ipam_pool_id": null,
            "ipv4_netmask_length": null,
            "ipv6_association_id": "",
            "ipv6_cidr_block": "",
            "ipv6_cidr_block_network_border_group": "",
            "ipv6_ipam_pool_id": "",
            "ipv6_netmask_length": 0,
            "main_route_table_id": "rtb-090039f8e220f51fe",
            "owner_id": "105976787140",
            "tags": {
              "Name": "alvin_vpc"
            },
            "tags_all": {
              "Name": "alvin_vpc"
            }
          },
          "sensitive_attributes": [],
          "private": "eyJzY2hlbWFfdmVyc2lvbiI6IjEifQ==",
          "create_before_destroy": true
        }
      ]
    }
  ]
}
